// !$*UTF8*$!
{
	archiveVersion = 1;
	classes = {
	};
	objectVersion = 48;
	objects = {

/* Begin PBXBuildFile section */
		82809D382071778F00E64FDE /* RCTCONVERT+CBUUID.m in Sources */ = {isa = PBXBuildFile; fileRef = 82809D372071778F00E64FDE /* RCTCONVERT+CBUUID.m */; };
		82BA54BD20715FE5000630EA /* RCTP2PTransferBLEPeripheralModule.m in Sources */ = {isa = PBXBuildFile; fileRef = 82BA54BC20715FE5000630EA /* RCTP2PTransferBLEPeripheralModule.m */; };
		82BA54BE20715FE5000630EA /* RCTP2PTransferBLEPeripheralModule.h in CopyFiles */ = {isa = PBXBuildFile; fileRef = 82BA54BB20715FE5000630EA /* RCTP2PTransferBLEPeripheralModule.h */; };
/* End PBXBuildFile section */

/* Begin PBXCopyFilesBuildPhase section */
		82BA54B620715FE5000630EA /* CopyFiles */ = {
			isa = PBXCopyFilesBuildPhase;
			buildActionMask = 2147483647;
			dstPath = "include/$(PRODUCT_NAME)";
			dstSubfolderSpec = 16;
			files = (
				82BA54BE20715FE5000630EA /* RCTP2PTransferBLEPeripheralModule.h in CopyFiles */,
			);
			runOnlyForDeploymentPostprocessing = 0;
		};
/* End PBXCopyFilesBuildPhase section */

/* Begin PBXFileReference section */
		82809D362071775500E64FDE /* RCTCONVERT+CBUUID.h */ = {isa = PBXFileReference; lastKnownFileType = sourcecode.c.h; path = "RCTCONVERT+CBUUID.h"; sourceTree = "<group>"; };
		82809D372071778F00E64FDE /* RCTCONVERT+CBUUID.m */ = {isa = PBXFileReference; lastKnownFileType = sourcecode.c.objc; path = "RCTCONVERT+CBUUID.m"; sourceTree = "<group>"; };
		82BA54B820715FE5000630EA /* libRCTP2PTransferBLEPeripheralModule.a */ = {isa = PBXFileReference; explicitFileType = archive.ar; includeInIndex = 0; path = libRCTP2PTransferBLEPeripheralModule.a; sourceTree = BUILT_PRODUCTS_DIR; };
		82BA54BB20715FE5000630EA /* RCTP2PTransferBLEPeripheralModule.h */ = {isa = PBXFileReference; lastKnownFileType = sourcecode.c.h; path = RCTP2PTransferBLEPeripheralModule.h; sourceTree = "<group>"; };
		82BA54BC20715FE5000630EA /* RCTP2PTransferBLEPeripheralModule.m */ = {isa = PBXFileReference; lastKnownFileType = sourcecode.c.objc; path = RCTP2PTransferBLEPeripheralModule.m; sourceTree = "<group>"; };
/* End PBXFileReference section */

/* Begin PBXFrameworksBuildPhase section */
		82BA54B520715FE5000630EA /* Frameworks */ = {
			isa = PBXFrameworksBuildPhase;
			buildActionMask = 2147483647;
			files = (
			);
			runOnlyForDeploymentPostprocessing = 0;
		};
/* End PBXFrameworksBuildPhase section */

/* Begin PBXGroup section */
		82BA54AF20715FE5000630EA = {
			isa = PBXGroup;
			children = (
				82BA54BA20715FE5000630EA /* RCTP2PTransferBLEPeripheralModule */,
				82BA54B920715FE5000630EA /* Products */,
			);
			sourceTree = "<group>";
		};
		82BA54B920715FE5000630EA /* Products */ = {
			isa = PBXGroup;
			children = (
				82BA54B820715FE5000630EA /* libRCTP2PTransferBLEPeripheralModule.a */,
			);
			name = Products;
			sourceTree = "<group>";
		};
		82BA54BA20715FE5000630EA /* RCTP2PTransferBLEPeripheralModule */ = {
			isa = PBXGroup;
			children = (
				82BA54BB20715FE5000630EA /* RCTP2PTransferBLEPeripheralModule.h */,
				82BA54BC20715FE5000630EA /* RCTP2PTransferBLEPeripheralModule.m */,
				82809D362071775500E64FDE /* RCTCONVERT+CBUUID.h */,
				82809D372071778F00E64FDE /* RCTCONVERT+CBUUID.m */,
			);
			path = RCTP2PTransferBLEPeripheralModule;
			sourceTree = "<group>";
		};
/* End PBXGroup section */

/* Begin PBXNativeTarget section */
		82BA54B720715FE5000630EA /* RCTP2PTransferBLEPeripheralModule */ = {
			isa = PBXNativeTarget;
			buildConfigurationList = 82BA54C120715FE5000630EA /* Build configuration list for PBXNativeTarget "RCTP2PTransferBLEPeripheralModule" */;
			buildPhases = (
				82BA54B420715FE5000630EA /* Sources */,
				82BA54B520715FE5000630EA /* Frameworks */,
				82BA54B620715FE5000630EA /* CopyFiles */,
			);
			buildRules = (
			);
			dependencies = (
			);
			name = RCTP2PTransferBLEPeripheralModule;
			productName = RCTP2PTransferBLEPeripheralModule;
			productReference = 82BA54B820715FE5000630EA /* libRCTP2PTransferBLEPeripheralModule.a */;
			productType = "com.apple.product-type.library.static";
		};
/* End PBXNativeTarget section */

/* Begin PBXProject section */
		82BA54B020715FE5000630EA /* Project object */ = {
			isa = PBXProject;
			attributes = {
				LastUpgradeCheck = 0920;
				TargetAttributes = {
					82BA54B720715FE5000630EA = {
						CreatedOnToolsVersion = 9.2;
						ProvisioningStyle = Automatic;
					};
				};
			};
			buildConfigurationList = 82BA54B320715FE5000630EA /* Build configuration list for PBXProject "RCTP2PTransferBLEPeripheralModule" */;
			compatibilityVersion = "Xcode 8.0";
			developmentRegion = en;
			hasScannedForEncodings = 0;
			knownRegions = (
				en,
			);
			mainGroup = 82BA54AF20715FE5000630EA;
			productRefGroup = 82BA54B920715FE5000630EA /* Products */;
			projectDirPath = "";
			projectRoot = "";
			targets = (
				82BA54B720715FE5000630EA /* RCTP2PTransferBLEPeripheralModule */,
			);
		};
/* End PBXProject section */

/* Begin PBXSourcesBuildPhase section */
		82BA54B420715FE5000630EA /* Sources */ = {
			isa = PBXSourcesBuildPhase;
			buildActionMask = 2147483647;
			files = (
				82BA54BD20715FE5000630EA /* RCTP2PTransferBLEPeripheralModule.m in Sources */,
				82809D382071778F00E64FDE /* RCTCONVERT+CBUUID.m in Sources */,
			);
			runOnlyForDeploymentPostprocessing = 0;
		};
/* End PBXSourcesBuildPhase section */

/* Begin XCBuildConfiguration section */
		82BA54BF20715FE5000630EA /* Debug */ = {
			isa = XCBuildConfiguration;
			buildSettings = {
				ALWAYS_SEARCH_USER_PATHS = NO;
				CLANG_ANALYZER_NONNULL = YES;
				CLANG_ANALYZER_NUMBER_OBJECT_CONVERSION = YES_AGGRESSIVE;
				CLANG_CXX_LANGUAGE_STANDARD = "gnu++14";
				CLANG_CXX_LIBRARY = "libc++";
				CLANG_ENABLE_MODULES = YES;
				CLANG_ENABLE_OBJC_ARC = YES;
				CLANG_WARN_BLOCK_CAPTURE_AUTORELEASING = YES;
				CLANG_WARN_BOOL_CONVERSION = YES;
				CLANG_WARN_COMMA = YES;
				CLANG_WARN_CONSTANT_CONVERSION = YES;
				CLANG_WARN_DIRECT_OBJC_ISA_USAGE = YES_ERROR;
				CLANG_WARN_DOCUMENTATION_COMMENTS = YES;
				CLANG_WARN_EMPTY_BODY = YES;
				CLANG_WARN_ENUM_CONVERSION = YES;
				CLANG_WARN_INFINITE_RECURSION = YES;
				CLANG_WARN_INT_CONVERSION = YES;
				CLANG_WARN_NON_LITERAL_NULL_CONVERSION = YES;
				CLANG_WARN_OBJC_LITERAL_CONVERSION = YES;
				CLANG_WARN_OBJC_ROOT_CLASS = YES_ERROR;
				CLANG_WARN_RANGE_LOOP_ANALYSIS = YES;
				CLANG_WARN_STRICT_PROTOTYPES = YES;
				CLANG_WARN_SUSPICIOUS_MOVE = YES;
				CLANG_WARN_UNGUARDED_AVAILABILITY = YES_AGGRESSIVE;
				CLANG_WARN_UNREACHABLE_CODE = YES;
				CLANG_WARN__DUPLICATE_METHOD_MATCH = YES;
				CODE_SIGN_IDENTITY = "";
				COPY_PHASE_STRIP = NO;
				DEBUG_INFORMATION_FORMAT = dwarf;
				ENABLE_STRICT_OBJC_MSGSEND = YES;
				ENABLE_TESTABILITY = YES;
				GCC_C_LANGUAGE_STANDARD = gnu11;
				GCC_DYNAMIC_NO_PIC = NO;
				GCC_NO_COMMON_BLOCKS = YES;
				GCC_OPTIMIZATION_LEVEL = 0;
				GCC_PREPROCESSOR_DEFINITIONS = (
					"DEBUG=1",
					"$(inherited)",
				);
				GCC_WARN_64_TO_32_BIT_CONVERSION = YES;
				GCC_WARN_ABOUT_RETURN_TYPE = YES_ERROR;
				GCC_WARN_UNDECLARED_SELECTOR = YES;
				GCC_WARN_UNINITIALIZED_AUTOS = YES_AGGRESSIVE;
				GCC_WARN_UNUSED_FUNCTION = YES;
				GCC_WARN_UNUSED_VARIABLE = YES;
				IPHONEOS_DEPLOYMENT_TARGET = 10.0;
				MTL_ENABLE_DEBUG_INFO = YES;
				ONLY_ACTIVE_ARCH = YES;
				SDKROOT = iphoneos;
			};
			name = Debug;
		};
		82BA54C020715FE5000630EA /* Release */ = {
			isa = XCBuildConfiguration;
			buildSettings = {
				ALWAYS_SEARCH_USER_PATHS = NO;
				CLANG_ANALYZER_NONNULL = YES;
				CLANG_ANALYZER_NUMBER_OBJECT_CONVERSION = YES_AGGRESSIVE;
				CLANG_CXX_LANGUAGE_STANDARD = "gnu++14";
				CLANG_CXX_LIBRARY = "libc++";
				CLANG_ENABLE_MODULES = YES;
				CLANG_ENABLE_OBJC_ARC = YES;
				CLANG_WARN_BLOCK_CAPTURE_AUTORELEASING = YES;
				CLANG_WARN_BOOL_CONVERSION = YES;
				CLANG_WARN_COMMA = YES;
				CLANG_WARN_CONSTANT_CONVERSION = YES;
				CLANG_WARN_DIRECT_OBJC_ISA_USAGE = YES_ERROR;
				CLANG_WARN_DOCUMENTATION_COMMENTS = YES;
				CLANG_WARN_EMPTY_BODY = YES;
				CLANG_WARN_ENUM_CONVERSION = YES;
				CLANG_WARN_INFINITE_RECURSION = YES;
				CLANG_WARN_INT_CONVERSION = YES;
				CLANG_WARN_NON_LITERAL_NULL_CONVERSION = YES;
				CLANG_WARN_OBJC_LITERAL_CONVERSION = YES;
				CLANG_WARN_OBJC_ROOT_CLASS = YES_ERROR;
				CLANG_WARN_RANGE_LOOP_ANALYSIS = YES;
				CLANG_WARN_STRICT_PROTOTYPES = YES;
				CLANG_WARN_SUSPICIOUS_MOVE = YES;
				CLANG_WARN_UNGUARDED_AVAILABILITY = YES_AGGRESSIVE;
				CLANG_WARN_UNREACHABLE_CODE = YES;
				CLANG_WARN__DUPLICATE_METHOD_MATCH = YES;
				CODE_SIGN_IDENTITY = "";
				COPY_PHASE_STRIP = NO;
				DEBUG_INFORMATION_FORMAT = "dwarf-with-dsym";
				ENABLE_NS_ASSERTIONS = NO;
				ENABLE_STRICT_OBJC_MSGSEND = YES;
				GCC_C_LANGUAGE_STANDARD = gnu11;
				GCC_NO_COMMON_BLOCKS = YES;
				GCC_WARN_64_TO_32_BIT_CONVERSION = YES;
				GCC_WARN_ABOUT_RETURN_TYPE = YES_ERROR;
				GCC_WARN_UNDECLARED_SELECTOR = YES;
				GCC_WARN_UNINITIALIZED_AUTOS = YES_AGGRESSIVE;
				GCC_WARN_UNUSED_FUNCTION = YES;
				GCC_WARN_UNUSED_VARIABLE = YES;
				IPHONEOS_DEPLOYMENT_TARGET = 10.0;
				MTL_ENABLE_DEBUG_INFO = NO;
				SDKROOT = iphoneos;
				VALIDATE_PRODUCT = YES;
			};
			name = Release;
		};
		82BA54C220715FE5000630EA /* Debug */ = {
			isa = XCBuildConfiguration;
			buildSettings = {
				IPHONEOS_DEPLOYMENT_TARGET = 10.0;
				OTHER_LDFLAGS = "-ObjC";
				PRODUCT_NAME = "$(TARGET_NAME)";
				SKIP_INSTALL = YES;
				TARGETED_DEVICE_FAMILY = 1;
			};
			name = Debug;
		};
		82BA54C320715FE5000630EA /* Release */ = {
			isa = XCBuildConfiguration;
			buildSettings = {
				IPHONEOS_DEPLOYMENT_TARGET = 10.0;
				OTHER_LDFLAGS = "-ObjC";
				PRODUCT_NAME = "$(TARGET_NAME)";
				SKIP_INSTALL = YES;
				TARGETED_DEVICE_FAMILY = 1;
			};
			name = Release;
		};
/* End XCBuildConfiguration section */

/* Begin XCConfigurationList section */
		82BA54B320715FE5000630EA /* Build configuration list for PBXProject "RCTP2PTransferBLEPeripheralModule" */ = {
			isa = XCConfigurationList;
			buildConfigurations = (
				82BA54BF20715FE5000630EA /* Debug */,
				82BA54C020715FE5000630EA /* Release */,
			);
			defaultConfigurationIsVisible = 0;
			defaultConfigurationName = Release;
		};
		82BA54C120715FE5000630EA /* Build configuration list for PBXNativeTarget "RCTP2PTransferBLEPeripheralModule" */ = {
			isa = XCConfigurationList;
			buildConfigurations = (
				82BA54C220715FE5000630EA /* Debug */,
				82BA54C320715FE5000630EA /* Release */,
			);
			defaultConfigurationIsVisible = 0;
			defaultConfigurationName = Release;
		};
/* End XCConfigurationList section */
	};
	rootObject = 82BA54B020715FE5000630EA /* Project object */;
}
